
Microsoft Visual Studio Solution File, Format Version 12.00
# Visual Studio Version 17
VisualStudioVersion = 17.11.35222.181
MinimumVisualStudioVersion = 10.0.40219.1
Project("{FAE04EC0-301F-11D3-BF4B-00C04F79EFBC}") = "Projetor_Integrador", "Projetor_Integrador.csproj", "{CFBAB24E-DA33-481E-9556-EECC888B576D}"
EndProject
Global
	GlobalSection(SolutionConfigurationPlatforms) = preSolution
		Debug|Any CPU = Debug|Any CPU
		Release|Any CPU = Release|Any CPU
	EndGlobalSection
	GlobalSection(ProjectConfigurationPlatforms) = postSolution
		{CFBAB24E-DA33-481E-9556-EECC888B576D}.Debug|Any CPU.ActiveCfg = Debug|Any CPU
		{CFBAB24E-DA33-481E-9556-EECC888B576D}.Debug|Any CPU.Build.0 = Debug|Any CPU
		{CFBAB24E-DA33-481E-9556-EECC888B576D}.Release|Any CPU.ActiveCfg = Release|Any CPU
		{CFBAB24E-DA33-481E-9556-EECC888B576D}.Release|Any CPU.Build.0 = Release|Any CPU
	EndGlobalSection
	GlobalSection(SolutionProperties) = preSolution
		HideSolutionNode = FALSE
	EndGlobalSection
	GlobalSection(ExtensibilityGlobals) = postSolution
		SolutionGuid = {B74555C6-7124-4882-B360-6C3BEB3B4EDB}
	EndGlobalSection
EndGlobal
